// !$*UTF8*$!
{
	archiveVersion = 1;
	classes = {
	};
	objectVersion = 50;
	objects = {

/* Begin PBXBuildFile section */
		BF35B105266A89A40076B2AB /* NomadicApp.swift in Sources */ = {isa = PBXBuildFile; fileRef = BF35B104266A89A40076B2AB /* NomadicApp.swift */; };
		BF35B107266A89A40076B2AB /* ContentView.swift in Sources */ = {isa = PBXBuildFile; fileRef = BF35B106266A89A40076B2AB /* ContentView.swift */; };
		BF35B109266A89A60076B2AB /* Assets.xcassets in Resources */ = {isa = PBXBuildFile; fileRef = BF35B108266A89A60076B2AB /* Assets.xcassets */; };
		BF35B10C266A89A60076B2AB /* Preview Assets.xcassets in Resources */ = {isa = PBXBuildFile; fileRef = BF35B10B266A89A60076B2AB /* Preview Assets.xcassets */; };
		BF35B114266A8B720076B2AB /* Sounds in Resources */ = {isa = PBXBuildFile; fileRef = BF35B113266A8B720076B2AB /* Sounds */; };
		BF35B11B266A96A40076B2AB /* NomadicModel.swift in Sources */ = {isa = PBXBuildFile; fileRef = BF35B11A266A96A40076B2AB /* NomadicModel.swift */; };
		BF35B11E266A97540076B2AB /* NomadicData.swift in Sources */ = {isa = PBXBuildFile; fileRef = BF35B11D266A97540076B2AB /* NomadicData.swift */; };
		BF35B120266A98440076B2AB /* CardView.swift in Sources */ = {isa = PBXBuildFile; fileRef = BF35B11F266A98440076B2AB /* CardView.swift */; };
		BF35B122266A9C760076B2AB /* HeaderView.swift in Sources */ = {isa = PBXBuildFile; fileRef = BF35B121266A9C760076B2AB /* HeaderView.swift */; };
		BF35B124266A9ED40076B2AB /* FooterView.swift in Sources */ = {isa = PBXBuildFile; fileRef = BF35B123266A9ED40076B2AB /* FooterView.swift */; };
		BF35B127266AA0DD0076B2AB /* HeaderComponent.swift in Sources */ = {isa = PBXBuildFile; fileRef = BF35B126266AA0DC0076B2AB /* HeaderComponent.swift */; };
		BF35B129266AA1D40076B2AB /* GuideComponent.swift in Sources */ = {isa = PBXBuildFile; fileRef = BF35B128266AA1D40076B2AB /* GuideComponent.swift */; };
		BF35B12B266AA46A0076B2AB /* GuideView.swift in Sources */ = {isa = PBXBuildFile; fileRef = BF35B12A266AA46A0076B2AB /* GuideView.swift */; };
		BF35B12D266AAFE50076B2AB /* InfoView.swift in Sources */ = {isa = PBXBuildFile; fileRef = BF35B12C266AAFE50076B2AB /* InfoView.swift */; };
		BF35B130266AB1240076B2AB /* TitleModifier.swift in Sources */ = {isa = PBXBuildFile; fileRef = BF35B12F266AB1240076B2AB /* TitleModifier.swift */; };
		BF35B132266AB3DC0076B2AB /* ButtonModifier.swift in Sources */ = {isa = PBXBuildFile; fileRef = BF35B131266AB3DC0076B2AB /* ButtonModifier.swift */; };
		BF35B134266ACE0A0076B2AB /* SymbolModifier.swift in Sources */ = {isa = PBXBuildFile; fileRef = BF35B133266ACE0A0076B2AB /* SymbolModifier.swift */; };
		BF35B137266AD5F80076B2AB /* CardTransition.swift in Sources */ = {isa = PBXBuildFile; fileRef = BF35B136266AD5F80076B2AB /* CardTransition.swift */; };
		BF35B13A266AD7CF0076B2AB /* PlaySound.swift in Sources */ = {isa = PBXBuildFile; fileRef = BF35B139266AD7CF0076B2AB /* PlaySound.swift */; };
		BF35B141266ADAF90076B2AB /* LaunchScreen.storyboard in Resources */ = {isa = PBXBuildFile; fileRef = BF35B13F266ADAF80076B2AB /* LaunchScreen.storyboard */; };
		BF35B145266AE13A0076B2AB /* SceneDelegate.swift in Sources */ = {isa = PBXBuildFile; fileRef = BF35B144266AE13A0076B2AB /* SceneDelegate.swift */; };
/* End PBXBuildFile section */

/* Begin PBXFileReference section */
		BF35B101266A89A40076B2AB /* Nomadic.app */ = {isa = PBXFileReference; explicitFileType = wrapper.application; includeInIndex = 0; path = Nomadic.app; sourceTree = BUILT_PRODUCTS_DIR; };
		BF35B104266A89A40076B2AB /* NomadicApp.swift */ = {isa = PBXFileReference; lastKnownFileType = sourcecode.swift; path = NomadicApp.swift; sourceTree = "<group>"; };
		BF35B106266A89A40076B2AB /* ContentView.swift */ = {isa = PBXFileReference; lastKnownFileType = sourcecode.swift; path = ContentView.swift; sourceTree = "<group>"; };
		BF35B108266A89A60076B2AB /* Assets.xcassets */ = {isa = PBXFileReference; lastKnownFileType = folder.assetcatalog; path = Assets.xcassets; sourceTree = "<group>"; };
		BF35B10B266A89A60076B2AB /* Preview Assets.xcassets */ = {isa = PBXFileReference; lastKnownFileType = folder.assetcatalog; path = "Preview Assets.xcassets"; sourceTree = "<group>"; };
		BF35B10D266A89A60076B2AB /* Info.plist */ = {isa = PBXFileReference; lastKnownFileType = text.plist.xml; path = Info.plist; sourceTree = "<group>"; };
		BF35B113266A8B720076B2AB /* Sounds */ = {isa = PBXFileReference; lastKnownFileType = folder; path = Sounds; sourceTree = "<group>"; };
		BF35B11A266A96A40076B2AB /* NomadicModel.swift */ = {isa = PBXFileReference; lastKnownFileType = sourcecode.swift; path = NomadicModel.swift; sourceTree = "<group>"; };
		BF35B11D266A97540076B2AB /* NomadicData.swift */ = {isa = PBXFileReference; lastKnownFileType = sourcecode.swift; path = NomadicData.swift; sourceTree = "<group>"; };
		BF35B11F266A98440076B2AB /* CardView.swift */ = {isa = PBXFileReference; lastKnownFileType = sourcecode.swift; path = CardView.swift; sourceTree = "<group>"; };
		BF35B121266A9C760076B2AB /* HeaderView.swift */ = {isa = PBXFileReference; lastKnownFileType = sourcecode.swift; path = HeaderView.swift; sourceTree = "<group>"; };
		BF35B123266A9ED40076B2AB /* FooterView.swift */ = {isa = PBXFileReference; lastKnownFileType = sourcecode.swift; path = FooterView.swift; sourceTree = "<group>"; };
		BF35B126266AA0DC0076B2AB /* HeaderComponent.swift */ = {isa = PBXFileReference; lastKnownFileType = sourcecode.swift; path = HeaderComponent.swift; sourceTree = "<group>"; };
		BF35B128266AA1D40076B2AB /* GuideComponent.swift */ = {isa = PBXFileReference; lastKnownFileType = sourcecode.swift; path = GuideComponent.swift; sourceTree = "<group>"; };
		BF35B12A266AA46A0076B2AB /* GuideView.swift */ = {isa = PBXFileReference; lastKnownFileType = sourcecode.swift; path = GuideView.swift; sourceTree = "<group>"; };
		BF35B12C266AAFE50076B2AB /* InfoView.swift */ = {isa = PBXFileReference; lastKnownFileType = sourcecode.swift; path = InfoView.swift; sourceTree = "<group>"; };
		BF35B12F266AB1240076B2AB /* TitleModifier.swift */ = {isa = PBXFileReference; lastKnownFileType = sourcecode.swift; path = TitleModifier.swift; sourceTree = "<group>"; };
		BF35B131266AB3DC0076B2AB /* ButtonModifier.swift */ = {isa = PBXFileReference; lastKnownFileType = sourcecode.swift; path = ButtonModifier.swift; sourceTree = "<group>"; };
		BF35B133266ACE0A0076B2AB /* SymbolModifier.swift */ = {isa = PBXFileReference; lastKnownFileType = sourcecode.swift; path = SymbolModifier.swift; sourceTree = "<group>"; };
		BF35B136266AD5F80076B2AB /* CardTransition.swift */ = {isa = PBXFileReference; lastKnownFileType = sourcecode.swift; path = CardTransition.swift; sourceTree = "<group>"; };
		BF35B139266AD7CF0076B2AB /* PlaySound.swift */ = {isa = PBXFileReference; lastKnownFileType = sourcecode.swift; path = PlaySound.swift; sourceTree = "<group>"; };
		BF35B140266ADAF90076B2AB /* Base */ = {isa = PBXFileReference; lastKnownFileType = file.storyboard; name = Base; path = ../../../Downloads/Base.lproj/LaunchScreen.storyboard; sourceTree = "<group>"; };
		BF35B144266AE13A0076B2AB /* SceneDelegate.swift */ = {isa = PBXFileReference; fileEncoding = 4; lastKnownFileType = sourcecode.swift; path = SceneDelegate.swift; sourceTree = "<group>"; };
/* End PBXFileReference section */

/* Begin PBXFrameworksBuildPhase section */
		BF35B0FE266A89A40076B2AB /* Frameworks */ = {
			isa = PBXFrameworksBuildPhase;
			buildActionMask = 2147483647;
			files = (
			);
			runOnlyForDeploymentPostprocessing = 0;
		};
/* End PBXFrameworksBuildPhase section */

/* Begin PBXGroup section */
		BF35B0F8266A89A30076B2AB = {
			isa = PBXGroup;
			children = (
				BF35B103266A89A40076B2AB /* Nomadic */,
				BF35B102266A89A40076B2AB /* Products */,
			);
			sourceTree = "<group>";
		};
		BF35B102266A89A40076B2AB /* Products */ = {
			isa = PBXGroup;
			children = (
				BF35B101266A89A40076B2AB /* Nomadic.app */,
			);
			name = Products;
			sourceTree = "<group>";
		};
		BF35B103266A89A40076B2AB /* Nomadic */ = {
			isa = PBXGroup;
			children = (
				BF35B138266AD7310076B2AB /* Helper */,
				BF35B135266AD5940076B2AB /* Extension */,
				BF35B12E266AB0F90076B2AB /* Modifier */,
				BF35B119266A967B0076B2AB /* App */,
				BF35B118266A96530076B2AB /* View */,
				BF35B125266AA0B60076B2AB /* Component */,
				BF35B117266A964A0076B2AB /* Model */,
				BF35B11C266A972D0076B2AB /* Data */,
				BF35B113266A8B720076B2AB /* Sounds */,
				BF35B10D266A89A60076B2AB /* Info.plist */,
				BF35B13F266ADAF80076B2AB /* LaunchScreen.storyboard */,
				BF35B144266AE13A0076B2AB /* SceneDelegate.swift */,
				BF35B108266A89A60076B2AB /* Assets.xcassets */,
				BF35B10A266A89A60076B2AB /* Preview Content */,
			);
			path = Nomadic;
			sourceTree = "<group>";
		};
		BF35B10A266A89A60076B2AB /* Preview Content */ = {
			isa = PBXGroup;
			children = (
				BF35B10B266A89A60076B2AB /* Preview Assets.xcassets */,
			);
			path = "Preview Content";
			sourceTree = "<group>";
		};
		BF35B117266A964A0076B2AB /* Model */ = {
			isa = PBXGroup;
			children = (
				BF35B11A266A96A40076B2AB /* NomadicModel.swift */,
			);
			path = Model;
			sourceTree = "<group>";
		};
		BF35B118266A96530076B2AB /* View */ = {
			isa = PBXGroup;
			children = (
				BF35B106266A89A40076B2AB /* ContentView.swift */,
				BF35B11F266A98440076B2AB /* CardView.swift */,
				BF35B121266A9C760076B2AB /* HeaderView.swift */,
				BF35B123266A9ED40076B2AB /* FooterView.swift */,
				BF35B12A266AA46A0076B2AB /* GuideView.swift */,
				BF35B12C266AAFE50076B2AB /* InfoView.swift */,
			);
			path = View;
			sourceTree = "<group>";
		};
		BF35B119266A967B0076B2AB /* App */ = {
			isa = PBXGroup;
			children = (
				BF35B104266A89A40076B2AB /* NomadicApp.swift */,
			);
			path = App;
			sourceTree = "<group>";
		};
		BF35B11C266A972D0076B2AB /* Data */ = {
			isa = PBXGroup;
			children = (
				BF35B11D266A97540076B2AB /* NomadicData.swift */,
			);
			path = Data;
			sourceTree = "<group>";
		};
		BF35B125266AA0B60076B2AB /* Component */ = {
			isa = PBXGroup;
			children = (
				BF35B126266AA0DC0076B2AB /* HeaderComponent.swift */,
				BF35B128266AA1D40076B2AB /* GuideComponent.swift */,
			);
			path = Component;
			sourceTree = "<group>";
		};
		BF35B12E266AB0F90076B2AB /* Modifier */ = {
			isa = PBXGroup;
			children = (
				BF35B12F266AB1240076B2AB /* TitleModifier.swift */,
				BF35B131266AB3DC0076B2AB /* ButtonModifier.swift */,
				BF35B133266ACE0A0076B2AB /* SymbolModifier.swift */,
			);
			path = Modifier;
			sourceTree = "<group>";
		};
		BF35B135266AD5940076B2AB /* Extension */ = {
			isa = PBXGroup;
			children = (
				BF35B136266AD5F80076B2AB /* CardTransition.swift */,
			);
			path = Extension;
			sourceTree = "<group>";
		};
		BF35B138266AD7310076B2AB /* Helper */ = {
			isa = PBXGroup;
			children = (
				BF35B139266AD7CF0076B2AB /* PlaySound.swift */,
			);
			path = Helper;
			sourceTree = "<group>";
		};
/* End PBXGroup section */

/* Begin PBXNativeTarget section */
		BF35B100266A89A40076B2AB /* Nomadic */ = {
			isa = PBXNativeTarget;
			buildConfigurationList = BF35B110266A89A60076B2AB /* Build configuration list for PBXNativeTarget "Nomadic" */;
			buildPhases = (
				BF35B0FD266A89A40076B2AB /* Sources */,
				BF35B0FE266A89A40076B2AB /* Frameworks */,
				BF35B0FF266A89A40076B2AB /* Resources */,
			);
			buildRules = (
			);
			dependencies = (
			);
			name = Nomadic;
			productName = Nomadic;
			productReference = BF35B101266A89A40076B2AB /* Nomadic.app */;
			productType = "com.apple.product-type.application";
		};
/* End PBXNativeTarget section */

/* Begin PBXProject section */
		BF35B0F9266A89A30076B2AB /* Project object */ = {
			isa = PBXProject;
			attributes = {
				LastSwiftUpdateCheck = 1250;
				LastUpgradeCheck = 1250;
				TargetAttributes = {
					BF35B100266A89A40076B2AB = {
						CreatedOnToolsVersion = 12.5;
					};
				};
			};
			buildConfigurationList = BF35B0FC266A89A30076B2AB /* Build configuration list for PBXProject "Nomadic" */;
			compatibilityVersion = "Xcode 9.3";
			developmentRegion = en;
			hasScannedForEncodings = 0;
			knownRegions = (
				en,
				Base,
			);
			mainGroup = BF35B0F8266A89A30076B2AB;
			productRefGroup = BF35B102266A89A40076B2AB /* Products */;
			projectDirPath = "";
			projectRoot = "";
			targets = (
				BF35B100266A89A40076B2AB /* Nomadic */,
			);
		};
/* End PBXProject section */

/* Begin PBXResourcesBuildPhase section */
		BF35B0FF266A89A40076B2AB /* Resources */ = {
			isa = PBXResourcesBuildPhase;
			buildActionMask = 2147483647;
			files = (
				BF35B114266A8B720076B2AB /* Sounds in Resources */,
				BF35B141266ADAF90076B2AB /* LaunchScreen.storyboard in Resources */,
				BF35B10C266A89A60076B2AB /* Preview Assets.xcassets in Resources */,
				BF35B109266A89A60076B2AB /* Assets.xcassets in Resources */,
			);
			runOnlyForDeploymentPostprocessing = 0;
		};
/* End PBXResourcesBuildPhase section */

/* Begin PBXSourcesBuildPhase section */
		BF35B0FD266A89A40076B2AB /* Sources */ = {
			isa = PBXSourcesBuildPhase;
			buildActionMask = 2147483647;
			files = (
				BF35B134266ACE0A0076B2AB /* SymbolModifier.swift in Sources */,
				BF35B11B266A96A40076B2AB /* NomadicModel.swift in Sources */,
				BF35B12D266AAFE50076B2AB /* InfoView.swift in Sources */,
				BF35B124266A9ED40076B2AB /* FooterView.swift in Sources */,
				BF35B137266AD5F80076B2AB /* CardTransition.swift in Sources */,
				BF35B130266AB1240076B2AB /* TitleModifier.swift in Sources */,
				BF35B122266A9C760076B2AB /* HeaderView.swift in Sources */,
				BF35B145266AE13A0076B2AB /* SceneDelegate.swift in Sources */,
				BF35B11E266A97540076B2AB /* NomadicData.swift in Sources */,
				BF35B132266AB3DC0076B2AB /* ButtonModifier.swift in Sources */,
				BF35B13A266AD7CF0076B2AB /* PlaySound.swift in Sources */,
				BF35B127266AA0DD0076B2AB /* HeaderComponent.swift in Sources */,
				BF35B107266A89A40076B2AB /* ContentView.swift in Sources */,
				BF35B105266A89A40076B2AB /* NomadicApp.swift in Sources */,
				BF35B120266A98440076B2AB /* CardView.swift in Sources */,
				BF35B129266AA1D40076B2AB /* GuideComponent.swift in Sources */,
				BF35B12B266AA46A0076B2AB /* GuideView.swift in Sources */,
			);
			runOnlyForDeploymentPostprocessing = 0;
		};
/* End PBXSourcesBuildPhase section */

/* Begin PBXVariantGroup section */
		BF35B13F266ADAF80076B2AB /* LaunchScreen.storyboard */ = {
			isa = PBXVariantGroup;
			children = (
				BF35B140266ADAF90076B2AB /* Base */,
			);
			name = LaunchScreen.storyboard;
			sourceTree = "<group>";
		};
/* End PBXVariantGroup section */

/* Begin XCBuildConfiguration section */
		BF35B10E266A89A60076B2AB /* Debug */ = {
			isa = XCBuildConfiguration;
			buildSettings = {
				ALWAYS_SEARCH_USER_PATHS = NO;
				CLANG_ANALYZER_NONNULL = YES;
				CLANG_ANALYZER_NUMBER_OBJECT_CONVERSION = YES_AGGRESSIVE;
				CLANG_CXX_LANGUAGE_STANDARD = "gnu++14";
				CLANG_CXX_LIBRARY = "libc++";
				CLANG_ENABLE_MODULES = YES;
				CLANG_ENABLE_OBJC_ARC = YES;
				CLANG_ENABLE_OBJC_WEAK = YES;
				CLANG_WARN_BLOCK_CAPTURE_AUTORELEASING = YES;
				CLANG_WARN_BOOL_CONVERSION = YES;
				CLANG_WARN_COMMA = YES;
				CLANG_WARN_CONSTANT_CONVERSION = YES;
				CLANG_WARN_DEPRECATED_OBJC_IMPLEMENTATIONS = YES;
				CLANG_WARN_DIRECT_OBJC_ISA_USAGE = YES_ERROR;
				CLANG_WARN_DOCUMENTATION_COMMENTS = YES;
				CLANG_WARN_EMPTY_BODY = YES;
				CLANG_WARN_ENUM_CONVERSION = YES;
				CLANG_WARN_INFINITE_RECURSION = YES;
				CLANG_WARN_INT_CONVERSION = YES;
				CLANG_WARN_NON_LITERAL_NULL_CONVERSION = YES;
				CLANG_WARN_OBJC_IMPLICIT_RETAIN_SELF = YES;
				CLANG_WARN_OBJC_LITERAL_CONVERSION = YES;
				CLANG_WARN_OBJC_ROOT_CLASS = YES_ERROR;
				CLANG_WARN_QUOTED_INCLUDE_IN_FRAMEWORK_HEADER = YES;
				CLANG_WARN_RANGE_LOOP_ANALYSIS = YES;
				CLANG_WARN_STRICT_PROTOTYPES = YES;
				CLANG_WARN_SUSPICIOUS_MOVE = YES;
				CLANG_WARN_UNGUARDED_AVAILABILITY = YES_AGGRESSIVE;
				CLANG_WARN_UNREACHABLE_CODE = YES;
				CLANG_WARN__DUPLICATE_METHOD_MATCH = YES;
				COPY_PHASE_STRIP = NO;
				DEBUG_INFORMATION_FORMAT = dwarf;
				ENABLE_STRICT_OBJC_MSGSEND = YES;
				ENABLE_TESTABILITY = YES;
				GCC_C_LANGUAGE_STANDARD = gnu11;
				GCC_DYNAMIC_NO_PIC = NO;
				GCC_NO_COMMON_BLOCKS = YES;
				GCC_OPTIMIZATION_LEVEL = 0;
				GCC_PREPROCESSOR_DEFINITIONS = (
					"DEBUG=1",
					"$(inherited)",
				);
				GCC_WARN_64_TO_32_BIT_CONVERSION = YES;
				GCC_WARN_ABOUT_RETURN_TYPE = YES_ERROR;
				GCC_WARN_UNDECLARED_SELECTOR = YES;
				GCC_WARN_UNINITIALIZED_AUTOS = YES_AGGRESSIVE;
				GCC_WARN_UNUSED_FUNCTION = YES;
				GCC_WARN_UNUSED_VARIABLE = YES;
				IPHONEOS_DEPLOYMENT_TARGET = 14.5;
				MTL_ENABLE_DEBUG_INFO = INCLUDE_SOURCE;
				MTL_FAST_MATH = YES;
				ONLY_ACTIVE_ARCH = YES;
				SDKROOT = iphoneos;
				SWIFT_ACTIVE_COMPILATION_CONDITIONS = DEBUG;
				SWIFT_OPTIMIZATION_LEVEL = "-Onone";
			};
			name = Debug;
		};
		BF35B10F266A89A60076B2AB /* Release */ = {
			isa = XCBuildConfiguration;
			buildSettings = {
				ALWAYS_SEARCH_USER_PATHS = NO;
				CLANG_ANALYZER_NONNULL = YES;
				CLANG_ANALYZER_NUMBER_OBJECT_CONVERSION = YES_AGGRESSIVE;
				CLANG_CXX_LANGUAGE_STANDARD = "gnu++14";
				CLANG_CXX_LIBRARY = "libc++";
				CLANG_ENABLE_MODULES = YES;
				CLANG_ENABLE_OBJC_ARC = YES;
				CLANG_ENABLE_OBJC_WEAK = YES;
				CLANG_WARN_BLOCK_CAPTURE_AUTORELEASING = YES;
				CLANG_WARN_BOOL_CONVERSION = YES;
				CLANG_WARN_COMMA = YES;
				CLANG_WARN_CONSTANT_CONVERSION = YES;
				CLANG_WARN_DEPRECATED_OBJC_IMPLEMENTATIONS = YES;
				CLANG_WARN_DIRECT_OBJC_ISA_USAGE = YES_ERROR;
				CLANG_WARN_DOCUMENTATION_COMMENTS = YES;
				CLANG_WARN_EMPTY_BODY = YES;
				CLANG_WARN_ENUM_CONVERSION = YES;
				CLANG_WARN_INFINITE_RECURSION = YES;
				CLANG_WARN_INT_CONVERSION = YES;
				CLANG_WARN_NON_LITERAL_NULL_CONVERSION = YES;
				CLANG_WARN_OBJC_IMPLICIT_RETAIN_SELF = YES;
				CLANG_WARN_OBJC_LITERAL_CONVERSION = YES;
				CLANG_WARN_OBJC_ROOT_CLASS = YES_ERROR;
				CLANG_WARN_QUOTED_INCLUDE_IN_FRAMEWORK_HEADER = YES;
				CLANG_WARN_RANGE_LOOP_ANALYSIS = YES;
				CLANG_WARN_STRICT_PROTOTYPES = YES;
				CLANG_WARN_SUSPICIOUS_MOVE = YES;
				CLANG_WARN_UNGUARDED_AVAILABILITY = YES_AGGRESSIVE;
				CLANG_WARN_UNREACHABLE_CODE = YES;
				CLANG_WARN__DUPLICATE_METHOD_MATCH = YES;
				COPY_PHASE_STRIP = NO;
				DEBUG_INFORMATION_FORMAT = "dwarf-with-dsym";
				ENABLE_NS_ASSERTIONS = NO;
				ENABLE_STRICT_OBJC_MSGSEND = YES;
				GCC_C_LANGUAGE_STANDARD = gnu11;
				GCC_NO_COMMON_BLOCKS = YES;
				GCC_WARN_64_TO_32_BIT_CONVERSION = YES;
				GCC_WARN_ABOUT_RETURN_TYPE = YES_ERROR;
				GCC_WARN_UNDECLARED_SELECTOR = YES;
				GCC_WARN_UNINITIALIZED_AUTOS = YES_AGGRESSIVE;
				GCC_WARN_UNUSED_FUNCTION = YES;
				GCC_WARN_UNUSED_VARIABLE = YES;
				IPHONEOS_DEPLOYMENT_TARGET = 14.5;
				MTL_ENABLE_DEBUG_INFO = NO;
				MTL_FAST_MATH = YES;
				SDKROOT = iphoneos;
				SWIFT_COMPILATION_MODE = wholemodule;
				SWIFT_OPTIMIZATION_LEVEL = "-O";
				VALIDATE_PRODUCT = YES;
			};
			name = Release;
		};
		BF35B111266A89A60076B2AB /* Debug */ = {
			isa = XCBuildConfiguration;
			buildSettings = {
				ASSETCATALOG_COMPILER_APPICON_NAME = AppIcon;
				ASSETCATALOG_COMPILER_GLOBAL_ACCENT_COLOR_NAME = AccentColor;
				CODE_SIGN_STYLE = Automatic;
				DEVELOPMENT_ASSET_PATHS = "\"Nomadic/Preview Content\"";
				DEVELOPMENT_TEAM = Y44B33JMMC;
				ENABLE_PREVIEWS = YES;
				INFOPLIST_FILE = Nomadic/Info.plist;
				IPHONEOS_DEPLOYMENT_TARGET = 14.0;
				LD_RUNPATH_SEARCH_PATHS = (
					"$(inherited)",
					"@executable_path/Frameworks",
				);
				PRODUCT_BUNDLE_IDENTIFIER = com.appbuff.Nomadic;
				PRODUCT_NAME = "$(TARGET_NAME)";
				SWIFT_VERSION = 5.0;
				TARGETED_DEVICE_FAMILY = "1,2";
			};
			name = Debug;
		};
		BF35B112266A89A60076B2AB /* Release */ = {
			isa = XCBuildConfiguration;
			buildSettings = {
				ASSETCATALOG_COMPILER_APPICON_NAME = AppIcon;
				ASSETCATALOG_COMPILER_GLOBAL_ACCENT_COLOR_NAME = AccentColor;
				CODE_SIGN_STYLE = Automatic;
				DEVELOPMENT_ASSET_PATHS = "\"Nomadic/Preview Content\"";
				DEVELOPMENT_TEAM = Y44B33JMMC;
				ENABLE_PREVIEWS = YES;
				INFOPLIST_FILE = Nomadic/Info.plist;
				IPHONEOS_DEPLOYMENT_TARGET = 14.0;
				LD_RUNPATH_SEARCH_PATHS = (
					"$(inherited)",
					"@executable_path/Frameworks",
				);
				PRODUCT_BUNDLE_IDENTIFIER = com.appbuff.Nomadic;
				PRODUCT_NAME = "$(TARGET_NAME)";
				SWIFT_VERSION = 5.0;
				TARGETED_DEVICE_FAMILY = "1,2";
			};
			name = Release;
		};
/* End XCBuildConfiguration section */

/* Begin XCConfigurationList section */
		BF35B0FC266A89A30076B2AB /* Build configuration list for PBXProject "Nomadic" */ = {
			isa = XCConfigurationList;
			buildConfigurations = (
				BF35B10E266A89A60076B2AB /* Debug */,
				BF35B10F266A89A60076B2AB /* Release */,
			);
			defaultConfigurationIsVisible = 0;
			defaultConfigurationName = Release;
		};
		BF35B110266A89A60076B2AB /* Build configuration list for PBXNativeTarget "Nomadic" */ = {
			isa = XCConfigurationList;
			buildConfigurations = (
				BF35B111266A89A60076B2AB /* Debug */,
				BF35B112266A89A60076B2AB /* Release */,
			);
			defaultConfigurationIsVisible = 0;
			defaultConfigurationName = Release;
		};
/* End XCConfigurationList section */
	};
	rootObject = BF35B0F9266A89A30076B2AB /* Project object */;
}
